PODS:
  - audio_session (0.0.1):
    - Flutter
  - audioplayers_darwin (0.0.1):
    - Flutter
  - Bugly (2.5.93)
  - device_info (0.0.1):
    - Flutter
  - fk_user_agent (2.0.0):
    - Flutter
  - Flutter (1.0.0)
  - flutter_bugly (0.0.1):
    - Bugly
    - Flutter
  - flutter_image_compress (1.0.0):
    - Flutter
    - Mantle
    - SDWebImage
    - SDWebImageWebPCoder
  - flutter_inapp_purchase (0.0.1):
    - Flutter
  - flutter_inappwebview (0.0.1):
    - Flutter
    - flutter_inappwebview/Core (= 0.0.1)
    - OrderedSet (~> 5.0)
  - flutter_inappwebview/Core (0.0.1):
    - Flutter
    - OrderedSet (~> 5.0)
  - flutter_native_image (0.0.1):
    - Flutter
  - flutter_native_splash (0.0.1):
    - Flutter
  - flutter_sound (9.2.13):
    - Flutter
    - flutter_sound_core (= 9.2.13)
  - flutter_sound_core (9.2.13)
  - FMDB (2.7.5):
    - FMDB/standard (= 2.7.5)
  - FMDB/standard (2.7.5)
  - http_proxy_override (0.0.1):
    - Flutter
  - image_cropper (0.0.4):
    - Flutter
    - TOCropViewController (~> 2.6.1)
  - image_gallery_saver (1.5.0):
    - Flutter
  - image_picker_ios (0.0.1):
    - Flutter
  - integration_test (0.0.1):
    - Flutter
  - libwebp (1.2.4):
    - libwebp/demux (= 1.2.4)
    - libwebp/mux (= 1.2.4)
    - libwebp/webp (= 1.2.4)
  - libwebp/demux (1.2.4):
    - libwebp/webp
  - libwebp/mux (1.2.4):
    - libwebp/demux
  - libwebp/webp (1.2.4)
  - Mantle (2.2.0):
    - Mantle/extobjc (= 2.2.0)
  - Mantle/extobjc (2.2.0)
  - MTBBarcodeScanner (5.0.11)
  - OrderedSet (5.0.0)
  - package_info (0.0.1):
    - Flutter
  - package_info_plus (0.4.5):
    - Flutter
  - path_provider_foundation (0.0.1):
    - Flutter
    - FlutterMacOS
  - permission_handler_apple (9.0.4):
    - Flutter
  - qr_code_scanner (0.2.0):
    - Flutter
    - MTBBarcodeScanner
  - SDWebImage (5.14.2):
    - SDWebImage/Core (= 5.14.2)
  - SDWebImage/Core (5.14.2)
  - SDWebImageWebPCoder (0.9.1):
    - libwebp (~> 1.0)
    - SDWebImage/Core (~> 5.13)
  - share_plus (0.0.1):
    - Flutter
  - shared_preferences_foundation (0.0.1):
    - Flutter
    - FlutterMacOS
  - sign_in_with_apple (0.0.1):
    - Flutter
  - sqflite (0.0.2):
    - Flutter
    - FMDB (>= 2.7.5)
  - TOCropViewController (2.6.1)
  - url_launcher_ios (0.0.1):
    - Flutter
  - video_player_avfoundation (0.0.1):
    - Flutter
  - webview_flutter_wkwebview (0.0.1):
    - Flutter

DEPENDENCIES:
  - audio_session (from `.symlinks/plugins/audio_session/ios`)
  - audioplayers_darwin (from `.symlinks/plugins/audioplayers_darwin/ios`)
  - device_info (from `.symlinks/plugins/device_info/ios`)
  - fk_user_agent (from `.symlinks/plugins/fk_user_agent/ios`)
  - Flutter (from `Flutter`)
  - flutter_bugly (from `.symlinks/plugins/flutter_bugly/ios`)
  - flutter_image_compress (from `.symlinks/plugins/flutter_image_compress/ios`)
  - flutter_inapp_purchase (from `.symlinks/plugins/flutter_inapp_purchase/ios`)
  - flutter_inappwebview (from `.symlinks/plugins/flutter_inappwebview/ios`)
  - flutter_native_image (from `.symlinks/plugins/flutter_native_image/ios`)
  - flutter_native_splash (from `.symlinks/plugins/flutter_native_splash/ios`)
  - flutter_sound (from `.symlinks/plugins/flutter_sound/ios`)
  - http_proxy_override (from `.symlinks/plugins/http_proxy_override/ios`)
  - image_cropper (from `.symlinks/plugins/image_cropper/ios`)
  - image_gallery_saver (from `.symlinks/plugins/image_gallery_saver/ios`)
  - image_picker_ios (from `.symlinks/plugins/image_picker_ios/ios`)
  - integration_test (from `.symlinks/plugins/integration_test/ios`)
  - package_info (from `.symlinks/plugins/package_info/ios`)
  - package_info_plus (from `.symlinks/plugins/package_info_plus/ios`)
  - path_provider_foundation (from `.symlinks/plugins/path_provider_foundation/darwin`)
  - permission_handler_apple (from `.symlinks/plugins/permission_handler_apple/ios`)
  - qr_code_scanner (from `.symlinks/plugins/qr_code_scanner/ios`)
  - share_plus (from `.symlinks/plugins/share_plus/ios`)
  - shared_preferences_foundation (from `.symlinks/plugins/shared_preferences_foundation/darwin`)
  - sign_in_with_apple (from `.symlinks/plugins/sign_in_with_apple/ios`)
  - sqflite (from `.symlinks/plugins/sqflite/ios`)
  - url_launcher_ios (from `.symlinks/plugins/url_launcher_ios/ios`)
  - video_player_avfoundation (from `.symlinks/plugins/video_player_avfoundation/ios`)
  - webview_flutter_wkwebview (from `.symlinks/plugins/webview_flutter_wkwebview/ios`)

SPEC REPOS:
  trunk:
    - Bugly
    - flutter_sound_core
    - FMDB
    - libwebp
    - Mantle
    - MTBBarcodeScanner
    - OrderedSet
    - SDWebImage
    - SDWebImageWebPCoder
    - TOCropViewController

EXTERNAL SOURCES:
  audio_session:
    :path: ".symlinks/plugins/audio_session/ios"
  audioplayers_darwin:
    :path: ".symlinks/plugins/audioplayers_darwin/ios"
  device_info:
    :path: ".symlinks/plugins/device_info/ios"
  fk_user_agent:
    :path: ".symlinks/plugins/fk_user_agent/ios"
  Flutter:
    :path: Flutter
  flutter_bugly:
    :path: ".symlinks/plugins/flutter_bugly/ios"
  flutter_image_compress:
    :path: ".symlinks/plugins/flutter_image_compress/ios"
  flutter_inapp_purchase:
    :path: ".symlinks/plugins/flutter_inapp_purchase/ios"
  flutter_inappwebview:
    :path: ".symlinks/plugins/flutter_inappwebview/ios"
  flutter_native_image:
    :path: ".symlinks/plugins/flutter_native_image/ios"
  flutter_native_splash:
    :path: ".symlinks/plugins/flutter_native_splash/ios"
  flutter_sound:
    :path: ".symlinks/plugins/flutter_sound/ios"
  http_proxy_override:
    :path: ".symlinks/plugins/http_proxy_override/ios"
  image_cropper:
    :path: ".symlinks/plugins/image_cropper/ios"
  image_gallery_saver:
    :path: ".symlinks/plugins/image_gallery_saver/ios"
  image_picker_ios:
    :path: ".symlinks/plugins/image_picker_ios/ios"
  integration_test:
    :path: ".symlinks/plugins/integration_test/ios"
  package_info:
    :path: ".symlinks/plugins/package_info/ios"
  package_info_plus:
    :path: ".symlinks/plugins/package_info_plus/ios"
  path_provider_foundation:
    :path: ".symlinks/plugins/path_provider_foundation/darwin"
  permission_handler_apple:
    :path: ".symlinks/plugins/permission_handler_apple/ios"
  qr_code_scanner:
    :path: ".symlinks/plugins/qr_code_scanner/ios"
  share_plus:
    :path: ".symlinks/plugins/share_plus/ios"
  shared_preferences_foundation:
    :path: ".symlinks/plugins/shared_preferences_foundation/darwin"
  sign_in_with_apple:
    :path: ".symlinks/plugins/sign_in_with_apple/ios"
  sqflite:
    :path: ".symlinks/plugins/sqflite/ios"
  url_launcher_ios:
    :path: ".symlinks/plugins/url_launcher_ios/ios"
  video_player_avfoundation:
    :path: ".symlinks/plugins/video_player_avfoundation/ios"
  webview_flutter_wkwebview:
    :path: ".symlinks/plugins/webview_flutter_wkwebview/ios"

SPEC CHECKSUMS:
  audio_session: 4f3e461722055d21515cf3261b64c973c062f345
  audioplayers_darwin: 877d9a4d06331c5c374595e46e16453ac7eafa40
  Bugly: b8715e6ec4004b7f7fbffab0643ba80545aee3da
  device_info: d7d233b645a32c40dfdc212de5cf646ca482f175
  fk_user_agent: 1f47ec39291e8372b1d692b50084b0d54103c545
  Flutter: f04841e97a9d0b0a8025694d0796dd46242b2854
  flutter_bugly: c9800f4d5bc5bdc27ffdde3417a26ba44266e0c3
  flutter_image_compress: 5a5e9aee05b6553048b8df1c3bc456d0afaac433
  flutter_inapp_purchase: 5c6a1ac3f11b11d0c8c0321c0c41c1f05805e4c8
  flutter_inappwebview: 4fe74e5e65809c3d363febfd9e2b21aa79bb0f1c
  flutter_native_image: 9c0b7451838484458e5b0fae007b86a4c2d4bdfe
  flutter_native_splash: 52501b97d1c0a5f898d687f1646226c1f93c56ef
  flutter_sound: c60effa2a350fb977885f0db2fbc4c1ad5160900
  flutter_sound_core: 26c10e5832e76aaacfae252d8925232281c486ae
  FMDB: 2ce00b547f966261cd18927a3ddb07cb6f3db82a
  http_proxy_override: 3f8cc6cdea77725778ccd931fae2b54fc8bc27e5
  image_cropper: 60c2789d1f1a78c873235d4319ca0c34a69f2d98
  image_gallery_saver: 259eab68fb271cfd57d599904f7acdc7832e7ef2
  image_picker_ios: 4a8aadfbb6dc30ad5141a2ce3832af9214a705b5
  integration_test: 13825b8a9334a850581300559b8839134b124670
  libwebp: f62cb61d0a484ba548448a4bd52aabf150ff6eef
  Mantle: c5aa8794a29a022dfbbfc9799af95f477a69b62d
  MTBBarcodeScanner: f453b33c4b7dfe545d8c6484ed744d55671788cb
  OrderedSet: aaeb196f7fef5a9edf55d89760da9176ad40b93c
  package_info: 873975fc26034f0b863a300ad47e7f1ac6c7ec62
  package_info_plus: 6c92f08e1f853dc01228d6f553146438dafcd14e
  path_provider_foundation: c68054786f1b4f3343858c1e1d0caaded73f0be9
  permission_handler_apple: 44366e37eaf29454a1e7b1b7d736c2cceaeb17ce
  qr_code_scanner: bb67d64904c3b9658ada8c402e8b4d406d5d796e
  SDWebImage: b9a731e1d6307f44ca703b3976d18c24ca561e84
  SDWebImageWebPCoder: 18503de6621dd2c420d680e33d46bf8e1d5169b0
  share_plus: 056a1e8ac890df3e33cb503afffaf1e9b4fbae68
  shared_preferences_foundation: 986fc17f3d3251412d18b0265f9c64113a8c2472
  sign_in_with_apple: f3bf75217ea4c2c8b91823f225d70230119b8440
  sqflite: 6d358c025f5b867b29ed92fc697fd34924e11904
  TOCropViewController: edfd4f25713d56905ad1e0b9f5be3fbe0f59c863
  url_launcher_ios: 08a3dfac5fb39e8759aeb0abbd5d9480f30fc8b4
  video_player_avfoundation: 81e49bb3d9fb63dccf9fa0f6d877dc3ddbeac126
  webview_flutter_wkwebview: 2e2d318f21a5e036e2c3f26171342e95908bd60a

PODFILE CHECKSUM: 49b45fa8dfbe0733ec351549a192ec6ad20e3b44

COCOAPODS: 1.11.3
